
Microsoft Visual Studio Solution File, Format Version 12.00
# Visual Studio Version 17
VisualStudioVersion = 17.10.35013.160
MinimumVisualStudioVersion = 10.0.40219.1
Project("{FAE04EC0-301F-11D3-BF4B-00C04F79EFBC}") = "MyApi.WebApi", "MyApi.WebApi\MyApi.WebApi.csproj", "{24C9D80E-3543-4321-BCC9-AAE045F3AD7E}"
EndProject
Project("{FAE04EC0-301F-11D3-BF4B-00C04F79EFBC}") = "MyApi.WebApi.Tests", "MyApi.WebApi.Tests\MyApi.WebApi.Tests.csproj", "{C3A00389-7DC9-4638-83CE-81F615D67125}"
EndProject
Global
	GlobalSection(SolutionConfigurationPlatforms) = preSolution
		Debug|Any CPU = Debug|Any CPU
		Release|Any CPU = Release|Any CPU
	EndGlobalSection
	GlobalSection(ProjectConfigurationPlatforms) = postSolution
		{24C9D80E-3543-4321-BCC9-AAE045F3AD7E}.Debug|Any CPU.ActiveCfg = Debug|Any CPU
		{24C9D80E-3543-4321-BCC9-AAE045F3AD7E}.Debug|Any CPU.Build.0 = Debug|Any CPU
		{24C9D80E-3543-4321-BCC9-AAE045F3AD7E}.Release|Any CPU.ActiveCfg = Release|Any CPU
		{24C9D80E-3543-4321-BCC9-AAE045F3AD7E}.Release|Any CPU.Build.0 = Release|Any CPU
		{C3A00389-7DC9-4638-83CE-81F615D67125}.Debug|Any CPU.ActiveCfg = Debug|Any CPU
		{C3A00389-7DC9-4638-83CE-81F615D67125}.Debug|Any CPU.Build.0 = Debug|Any CPU
		{C3A00389-7DC9-4638-83CE-81F615D67125}.Release|Any CPU.ActiveCfg = Release|Any CPU
		{C3A00389-7DC9-4638-83CE-81F615D67125}.Release|Any CPU.Build.0 = Release|Any CPU
	EndGlobalSection
	GlobalSection(SolutionProperties) = preSolution
		HideSolutionNode = FALSE
	EndGlobalSection
	GlobalSection(ExtensibilityGlobals) = postSolution
		SolutionGuid = {A7E5C46F-2AF8-4772-8C45-1B21300DAC55}
	EndGlobalSection
EndGlobal
